
Microsoft Visual Studio Solution File, Format Version 12.00
# Visual Studio 15
VisualStudioVersion = 15.0.27703.2026
MinimumVisualStudioVersion = 10.0.40219.1
Project("{FAE04EC0-301F-11D3-BF4B-00C04F79EFBC}") = "Depths", "Depths\Depths.csproj", "{13929E20-3987-4DCD-80E9-E01F7230FE9D}"
EndProject
Global
	GlobalSection(SolutionConfigurationPlatforms) = preSolution
		Debug|Any CPU = Debug|Any CPU
		Release|Any CPU = Release|Any CPU
	EndGlobalSection
	GlobalSection(ProjectConfigurationPlatforms) = postSolution
		{13929E20-3987-4DCD-80E9-E01F7230FE9D}.Debug|Any CPU.ActiveCfg = Debug|Any CPU
		{13929E20-3987-4DCD-80E9-E01F7230FE9D}.Debug|Any CPU.Build.0 = Debug|Any CPU
		{13929E20-3987-4DCD-80E9-E01F7230FE9D}.Release|Any CPU.ActiveCfg = Release|Any CPU
		{13929E20-3987-4DCD-80E9-E01F7230FE9D}.Release|Any CPU.Build.0 = Release|Any CPU
	EndGlobalSection
	GlobalSection(SolutionProperties) = preSolution
		HideSolutionNode = FALSE
	EndGlobalSection
	GlobalSection(ExtensibilityGlobals) = postSolution
		SolutionGuid = {F1A14E0B-355C-4DF6-91A3-88EDCD9A9FA0}
	EndGlobalSection
EndGlobal
